
Microsoft Visual Studio Solution File, Format Version 12.00
# Visual Studio Version 17
VisualStudioVersion = 17.3.32922.545
MinimumVisualStudioVersion = 10.0.40219.1
Project("{54A90642-561A-4BB1-A94E-469ADEE60C69}") = "Fixture", "Fixture\Fixture.esproj", "{536B31A2-3311-43F9-A5A8-A009CF4F138A}"
EndProject
Global
	GlobalSection(SolutionConfigurationPlatforms) = preSolution
		Debug|Any CPU = Debug|Any CPU
		Release|Any CPU = Release|Any CPU
	EndGlobalSection
	GlobalSection(ProjectConfigurationPlatforms) = postSolution
		{536B31A2-3311-43F9-A5A8-A009CF4F138A}.Debug|Any CPU.ActiveCfg = Debug|Any CPU
		{536B31A2-3311-43F9-A5A8-A009CF4F138A}.Debug|Any CPU.Build.0 = Debug|Any CPU
		{536B31A2-3311-43F9-A5A8-A009CF4F138A}.Debug|Any CPU.Deploy.0 = Debug|Any CPU
		{536B31A2-3311-43F9-A5A8-A009CF4F138A}.Release|Any CPU.ActiveCfg = Release|Any CPU
		{536B31A2-3311-43F9-A5A8-A009CF4F138A}.Release|Any CPU.Build.0 = Release|Any CPU
		{536B31A2-3311-43F9-A5A8-A009CF4F138A}.Release|Any CPU.Deploy.0 = Release|Any CPU
	EndGlobalSection
	GlobalSection(SolutionProperties) = preSolution
		HideSolutionNode = FALSE
	EndGlobalSection
	GlobalSection(ExtensibilityGlobals) = postSolution
		SolutionGuid = {545C6C16-F5EF-4AB3-8ED0-8749EA5DAA9A}
	EndGlobalSection
EndGlobal
